// !$*UTF8*$!
{
	archiveVersion = 1;
	classes = {
	};
	objectVersion = 50;
	objects = {

/* Begin PBXBuildFile section */
		7889E9182536F6C600695917 /* AppDelegate.m in Sources */ = {isa = PBXBuildFile; fileRef = 7889E9172536F6C600695917 /* AppDelegate.m */; };
		7889E91B2536F6C600695917 /* SceneDelegate.m in Sources */ = {isa = PBXBuildFile; fileRef = 7889E91A2536F6C600695917 /* SceneDelegate.m */; };
		7889E91E2536F6C600695917 /* ViewController.m in Sources */ = {isa = PBXBuildFile; fileRef = 7889E91D2536F6C600695917 /* ViewController.m */; };
		7889E9212536F6C600695917 /* Main.storyboard in Resources */ = {isa = PBXBuildFile; fileRef = 7889E91F2536F6C600695917 /* Main.storyboard */; };
		7889E9232536F6C700695917 /* Assets.xcassets in Resources */ = {isa = PBXBuildFile; fileRef = 7889E9222536F6C700695917 /* Assets.xcassets */; };
		7889E9262536F6C700695917 /* LaunchScreen.storyboard in Resources */ = {isa = PBXBuildFile; fileRef = 7889E9242536F6C700695917 /* LaunchScreen.storyboard */; };
		7889E9292536F6C700695917 /* main.m in Sources */ = {isa = PBXBuildFile; fileRef = 7889E9282536F6C700695917 /* main.m */; };
		7889E9322536F78A00695917 /* ZZKit.podspec in Resources */ = {isa = PBXBuildFile; fileRef = 7889E9312536F78A00695917 /* ZZKit.podspec */; };
		7889E97D2536F94500695917 /* UIImage+Compress.m in Sources */ = {isa = PBXBuildFile; fileRef = 7889E93A2536F94500695917 /* UIImage+Compress.m */; };
		7889E97F2536F94500695917 /* NSMutableDictionary+SafeObject.m in Sources */ = {isa = PBXBuildFile; fileRef = 7889E93E2536F94500695917 /* NSMutableDictionary+SafeObject.m */; };
		7889E9802536F94500695917 /* NSDictionary+Json.m in Sources */ = {isa = PBXBuildFile; fileRef = 7889E9432536F94500695917 /* NSDictionary+Json.m */; };
		7889E9812536F94500695917 /* UILabel+ChangeSpace.m in Sources */ = {isa = PBXBuildFile; fileRef = 7889E9452536F94500695917 /* UILabel+ChangeSpace.m */; };
		7889E9832536F94500695917 /* UIView+Round.m in Sources */ = {isa = PBXBuildFile; fileRef = 7889E94C2536F94500695917 /* UIView+Round.m */; };
		7889E9842536F94500695917 /* UIView+ColorOfPoint.m in Sources */ = {isa = PBXBuildFile; fileRef = 7889E94D2536F94500695917 /* UIView+ColorOfPoint.m */; };
		7889E9852536F94500695917 /* UIView+iPad.m in Sources */ = {isa = PBXBuildFile; fileRef = 7889E94E2536F94500695917 /* UIView+iPad.m */; };
		7889E9872536F94500695917 /* NSData+UTF8.m in Sources */ = {isa = PBXBuildFile; fileRef = 7889E9572536F94500695917 /* NSData+UTF8.m */; };
		7889E9882536F94500695917 /* NSData+MD5.m in Sources */ = {isa = PBXBuildFile; fileRef = 7889E9582536F94500695917 /* NSData+MD5.m */; };
		7889E9892536F94500695917 /* UITextView+PlaceHolder.m in Sources */ = {isa = PBXBuildFile; fileRef = 7889E95D2536F94500695917 /* UITextView+PlaceHolder.m */; };
		7889E98A2536F94500695917 /* UIDevice+Model.m in Sources */ = {isa = PBXBuildFile; fileRef = 7889E9612536F94500695917 /* UIDevice+Model.m */; };
		7889E98B2536F94500695917 /* NSString+Common.m in Sources */ = {isa = PBXBuildFile; fileRef = 7889E9662536F94500695917 /* NSString+Common.m */; };
		7889E98C2536F94500695917 /* NSString+MD5.m in Sources */ = {isa = PBXBuildFile; fileRef = 7889E9672536F94500695917 /* NSString+MD5.m */; };
		7889E98D2536F94500695917 /* NSString+wrapper.m in Sources */ = {isa = PBXBuildFile; fileRef = 7889E9682536F94500695917 /* NSString+wrapper.m */; };
		7889E98F2536F94500695917 /* CALayer+XibBorderColor.m in Sources */ = {isa = PBXBuildFile; fileRef = 7889E96B2536F94500695917 /* CALayer+XibBorderColor.m */; };
		7889E9902536F94500695917 /* NSNumber+Calculate.m in Sources */ = {isa = PBXBuildFile; fileRef = 7889E96E2536F94500695917 /* NSNumber+Calculate.m */; };
		7889E9912536F94500695917 /* UIViewController+TopViewController.m in Sources */ = {isa = PBXBuildFile; fileRef = 7889E9722536F94500695917 /* UIViewController+TopViewController.m */; };
		7889E9A62537014C00695917 /* NSBundle+ZZKT.m in Sources */ = {isa = PBXBuildFile; fileRef = 7889E9A52537014C00695917 /* NSBundle+ZZKT.m */; };
		7889E9AA2537015F00695917 /* UIImage+ZZKT.m in Sources */ = {isa = PBXBuildFile; fileRef = 7889E9A92537015F00695917 /* UIImage+ZZKT.m */; };
		7889E9B02537039000695917 /* NSDate+ZZAddition.m in Sources */ = {isa = PBXBuildFile; fileRef = 7889E9AF2537039000695917 /* NSDate+ZZAddition.m */; };
		7889E9B52537041000695917 /* NSTimeZone+ZZAddition.m in Sources */ = {isa = PBXBuildFile; fileRef = 7889E9B42537041000695917 /* NSTimeZone+ZZAddition.m */; };
		7889E9BA2537045A00695917 /* NSLocale+ZZAddition.m in Sources */ = {isa = PBXBuildFile; fileRef = 7889E9B92537045A00695917 /* NSLocale+ZZAddition.m */; };
		7889E9BF253704A600695917 /* NSDateFormatter+ZZAddition.m in Sources */ = {isa = PBXBuildFile; fileRef = 7889E9BE253704A600695917 /* NSDateFormatter+ZZAddition.m */; };
		7889E9C42537051800695917 /* UITabBar+ZZAddition.m in Sources */ = {isa = PBXBuildFile; fileRef = 7889E9C32537051800695917 /* UITabBar+ZZAddition.m */; };
		7889E9CA2537057700695917 /* UIButton+ZZEnlargeEdge.m in Sources */ = {isa = PBXBuildFile; fileRef = 7889E9C92537057700695917 /* UIButton+ZZEnlargeEdge.m */; };
		7889E9DD2537209900695917 /* ZZPathUtils.m in Sources */ = {isa = PBXBuildFile; fileRef = 7889E9D72537209900695917 /* ZZPathUtils.m */; };
		7889E9DE2537209900695917 /* ZZUtilities.m in Sources */ = {isa = PBXBuildFile; fileRef = 7889E9D82537209900695917 /* ZZUtilities.m */; };
		7889E9DF2537209900695917 /* ZZTimeUtils.m in Sources */ = {isa = PBXBuildFile; fileRef = 7889E9D92537209900695917 /* ZZTimeUtils.m */; };
		7889E9E42537211100695917 /* ZZTapView.m in Sources */ = {isa = PBXBuildFile; fileRef = 7889E9E32537211100695917 /* ZZTapView.m */; };
		7889E9EA253722A100695917 /* ZZBaseTableViewCell.m in Sources */ = {isa = PBXBuildFile; fileRef = 7889E9E9253722A100695917 /* ZZBaseTableViewCell.m */; };
		7889E9EE253723BB00695917 /* ZZBaseCollectionViewCell.m in Sources */ = {isa = PBXBuildFile; fileRef = 7889E9ED253723BB00695917 /* ZZBaseCollectionViewCell.m */; };
		7889E9F22537247700695917 /* ZZBaseViewController.m in Sources */ = {isa = PBXBuildFile; fileRef = 7889E9F12537247700695917 /* ZZBaseViewController.m */; };
		C49800E873DA330674DFBD75 /* Pods_ZZKitDemo.framework in Frameworks */ = {isa = PBXBuildFile; fileRef = B9F6B18176EBC7BF241BDD68 /* Pods_ZZKitDemo.framework */; };
/* End PBXBuildFile section */

/* Begin PBXFileReference section */
		7889E9132536F6C600695917 /* ZZKitDemo.app */ = {isa = PBXFileReference; explicitFileType = wrapper.application; includeInIndex = 0; path = ZZKitDemo.app; sourceTree = BUILT_PRODUCTS_DIR; };
		7889E9162536F6C600695917 /* AppDelegate.h */ = {isa = PBXFileReference; lastKnownFileType = sourcecode.c.h; path = AppDelegate.h; sourceTree = "<group>"; };
		7889E9172536F6C600695917 /* AppDelegate.m */ = {isa = PBXFileReference; lastKnownFileType = sourcecode.c.objc; path = AppDelegate.m; sourceTree = "<group>"; };
		7889E9192536F6C600695917 /* SceneDelegate.h */ = {isa = PBXFileReference; lastKnownFileType = sourcecode.c.h; path = SceneDelegate.h; sourceTree = "<group>"; };
		7889E91A2536F6C600695917 /* SceneDelegate.m */ = {isa = PBXFileReference; lastKnownFileType = sourcecode.c.objc; path = SceneDelegate.m; sourceTree = "<group>"; };
		7889E91C2536F6C600695917 /* ViewController.h */ = {isa = PBXFileReference; lastKnownFileType = sourcecode.c.h; path = ViewController.h; sourceTree = "<group>"; };
		7889E91D2536F6C600695917 /* ViewController.m */ = {isa = PBXFileReference; lastKnownFileType = sourcecode.c.objc; path = ViewController.m; sourceTree = "<group>"; };
		7889E9202536F6C600695917 /* Base */ = {isa = PBXFileReference; lastKnownFileType = file.storyboard; name = Base; path = Base.lproj/Main.storyboard; sourceTree = "<group>"; };
		7889E9222536F6C700695917 /* Assets.xcassets */ = {isa = PBXFileReference; lastKnownFileType = folder.assetcatalog; path = Assets.xcassets; sourceTree = "<group>"; };
		7889E9252536F6C700695917 /* Base */ = {isa = PBXFileReference; lastKnownFileType = file.storyboard; name = Base; path = Base.lproj/LaunchScreen.storyboard; sourceTree = "<group>"; };
		7889E9272536F6C700695917 /* Info.plist */ = {isa = PBXFileReference; lastKnownFileType = text.plist.xml; path = Info.plist; sourceTree = "<group>"; };
		7889E9282536F6C700695917 /* main.m */ = {isa = PBXFileReference; lastKnownFileType = sourcecode.c.objc; path = main.m; sourceTree = "<group>"; };
		7889E9312536F78A00695917 /* ZZKit.podspec */ = {isa = PBXFileReference; fileEncoding = 4; lastKnownFileType = text; name = ZZKit.podspec; path = ../../ZZKit.podspec; sourceTree = "<group>"; };
		7889E93A2536F94500695917 /* UIImage+Compress.m */ = {isa = PBXFileReference; fileEncoding = 4; lastKnownFileType = sourcecode.c.objc; path = "UIImage+Compress.m"; sourceTree = "<group>"; };
		7889E93B2536F94500695917 /* UIImage+Compress.h */ = {isa = PBXFileReference; fileEncoding = 4; lastKnownFileType = sourcecode.c.h; path = "UIImage+Compress.h"; sourceTree = "<group>"; };
		7889E93E2536F94500695917 /* NSMutableDictionary+SafeObject.m */ = {isa = PBXFileReference; fileEncoding = 4; lastKnownFileType = sourcecode.c.objc; path = "NSMutableDictionary+SafeObject.m"; sourceTree = "<group>"; };
		7889E9402536F94500695917 /* NSMutableDictionary+SafeObject.h */ = {isa = PBXFileReference; fileEncoding = 4; lastKnownFileType = sourcecode.c.h; path = "NSMutableDictionary+SafeObject.h"; sourceTree = "<group>"; };
		7889E9422536F94500695917 /* NSDictionary+Json.h */ = {isa = PBXFileReference; fileEncoding = 4; lastKnownFileType = sourcecode.c.h; path = "NSDictionary+Json.h"; sourceTree = "<group>"; };
		7889E9432536F94500695917 /* NSDictionary+Json.m */ = {isa = PBXFileReference; fileEncoding = 4; lastKnownFileType = sourcecode.c.objc; path = "NSDictionary+Json.m"; sourceTree = "<group>"; };
		7889E9452536F94500695917 /* UILabel+ChangeSpace.m */ = {isa = PBXFileReference; fileEncoding = 4; lastKnownFileType = sourcecode.c.objc; path = "UILabel+ChangeSpace.m"; sourceTree = "<group>"; };
		7889E9462536F94500695917 /* UILabel+ChangeSpace.h */ = {isa = PBXFileReference; fileEncoding = 4; lastKnownFileType = sourcecode.c.h; path = "UILabel+ChangeSpace.h"; sourceTree = "<group>"; };
		7889E94B2536F94500695917 /* UIView+iPad.h */ = {isa = PBXFileReference; fileEncoding = 4; lastKnownFileType = sourcecode.c.h; path = "UIView+iPad.h"; sourceTree = "<group>"; };
		7889E94C2536F94500695917 /* UIView+Round.m */ = {isa = PBXFileReference; fileEncoding = 4; lastKnownFileType = sourcecode.c.objc; path = "UIView+Round.m"; sourceTree = "<group>"; };
		7889E94D2536F94500695917 /* UIView+ColorOfPoint.m */ = {isa = PBXFileReference; fileEncoding = 4; lastKnownFileType = sourcecode.c.objc; path = "UIView+ColorOfPoint.m"; sourceTree = "<group>"; };
		7889E94E2536F94500695917 /* UIView+iPad.m */ = {isa = PBXFileReference; fileEncoding = 4; lastKnownFileType = sourcecode.c.objc; path = "UIView+iPad.m"; sourceTree = "<group>"; };
		7889E94F2536F94500695917 /* UIView+ColorOfPoint.h */ = {isa = PBXFileReference; fileEncoding = 4; lastKnownFileType = sourcecode.c.h; path = "UIView+ColorOfPoint.h"; sourceTree = "<group>"; };
		7889E9502536F94500695917 /* UIView+Round.h */ = {isa = PBXFileReference; fileEncoding = 4; lastKnownFileType = sourcecode.c.h; path = "UIView+Round.h"; sourceTree = "<group>"; };
		7889E9572536F94500695917 /* NSData+UTF8.m */ = {isa = PBXFileReference; fileEncoding = 4; lastKnownFileType = sourcecode.c.objc; path = "NSData+UTF8.m"; sourceTree = "<group>"; };
		7889E9582536F94500695917 /* NSData+MD5.m */ = {isa = PBXFileReference; fileEncoding = 4; lastKnownFileType = sourcecode.c.objc; path = "NSData+MD5.m"; sourceTree = "<group>"; };
		7889E9592536F94500695917 /* NSData+MD5.h */ = {isa = PBXFileReference; fileEncoding = 4; lastKnownFileType = sourcecode.c.h; path = "NSData+MD5.h"; sourceTree = "<group>"; };
		7889E95A2536F94500695917 /* NSData+UTF8.h */ = {isa = PBXFileReference; fileEncoding = 4; lastKnownFileType = sourcecode.c.h; path = "NSData+UTF8.h"; sourceTree = "<group>"; };
		7889E95D2536F94500695917 /* UITextView+PlaceHolder.m */ = {isa = PBXFileReference; fileEncoding = 4; lastKnownFileType = sourcecode.c.objc; path = "UITextView+PlaceHolder.m"; sourceTree = "<group>"; };
		7889E95E2536F94500695917 /* UITextView+PlaceHolder.h */ = {isa = PBXFileReference; fileEncoding = 4; lastKnownFileType = sourcecode.c.h; path = "UITextView+PlaceHolder.h"; sourceTree = "<group>"; };
		7889E9602536F94500695917 /* UIDevice+Model.h */ = {isa = PBXFileReference; fileEncoding = 4; lastKnownFileType = sourcecode.c.h; path = "UIDevice+Model.h"; sourceTree = "<group>"; };
		7889E9612536F94500695917 /* UIDevice+Model.m */ = {isa = PBXFileReference; fileEncoding = 4; lastKnownFileType = sourcecode.c.objc; path = "UIDevice+Model.m"; sourceTree = "<group>"; };
		7889E9632536F94500695917 /* NSString+Common.h */ = {isa = PBXFileReference; fileEncoding = 4; lastKnownFileType = sourcecode.c.h; path = "NSString+Common.h"; sourceTree = "<group>"; };
		7889E9642536F94500695917 /* NSString+MD5.h */ = {isa = PBXFileReference; fileEncoding = 4; lastKnownFileType = sourcecode.c.h; path = "NSString+MD5.h"; sourceTree = "<group>"; };
		7889E9652536F94500695917 /* NSString+wrapper.h */ = {isa = PBXFileReference; fileEncoding = 4; lastKnownFileType = sourcecode.c.h; path = "NSString+wrapper.h"; sourceTree = "<group>"; };
		7889E9662536F94500695917 /* NSString+Common.m */ = {isa = PBXFileReference; fileEncoding = 4; lastKnownFileType = sourcecode.c.objc; path = "NSString+Common.m"; sourceTree = "<group>"; };
		7889E9672536F94500695917 /* NSString+MD5.m */ = {isa = PBXFileReference; fileEncoding = 4; lastKnownFileType = sourcecode.c.objc; path = "NSString+MD5.m"; sourceTree = "<group>"; };
		7889E9682536F94500695917 /* NSString+wrapper.m */ = {isa = PBXFileReference; fileEncoding = 4; lastKnownFileType = sourcecode.c.objc; path = "NSString+wrapper.m"; sourceTree = "<group>"; };
		7889E96B2536F94500695917 /* CALayer+XibBorderColor.m */ = {isa = PBXFileReference; fileEncoding = 4; lastKnownFileType = sourcecode.c.objc; path = "CALayer+XibBorderColor.m"; sourceTree = "<group>"; };
		7889E96C2536F94500695917 /* CALayer+XibBorderColor.h */ = {isa = PBXFileReference; fileEncoding = 4; lastKnownFileType = sourcecode.c.h; path = "CALayer+XibBorderColor.h"; sourceTree = "<group>"; };
		7889E96E2536F94500695917 /* NSNumber+Calculate.m */ = {isa = PBXFileReference; fileEncoding = 4; lastKnownFileType = sourcecode.c.objc; path = "NSNumber+Calculate.m"; sourceTree = "<group>"; };
		7889E96F2536F94500695917 /* NSNumber+Calculate.h */ = {isa = PBXFileReference; fileEncoding = 4; lastKnownFileType = sourcecode.c.h; path = "NSNumber+Calculate.h"; sourceTree = "<group>"; };
		7889E9712536F94500695917 /* UIViewController+TopViewController.h */ = {isa = PBXFileReference; fileEncoding = 4; lastKnownFileType = sourcecode.c.h; path = "UIViewController+TopViewController.h"; sourceTree = "<group>"; };
		7889E9722536F94500695917 /* UIViewController+TopViewController.m */ = {isa = PBXFileReference; fileEncoding = 4; lastKnownFileType = sourcecode.c.objc; path = "UIViewController+TopViewController.m"; sourceTree = "<group>"; };
		7889E99C2536FA3D00695917 /* ZZKTCategoryKitHeader.h */ = {isa = PBXFileReference; fileEncoding = 4; lastKnownFileType = sourcecode.c.h; path = ZZKTCategoryKitHeader.h; sourceTree = "<group>"; };
		7889E99D2536FE8E00695917 /* ZZGlobalDefines.h */ = {isa = PBXFileReference; lastKnownFileType = sourcecode.c.h; path = ZZGlobalDefines.h; sourceTree = "<group>"; };
		7889E9A42537014C00695917 /* NSBundle+ZZKT.h */ = {isa = PBXFileReference; lastKnownFileType = sourcecode.c.h; path = "NSBundle+ZZKT.h"; sourceTree = "<group>"; };
		7889E9A52537014C00695917 /* NSBundle+ZZKT.m */ = {isa = PBXFileReference; lastKnownFileType = sourcecode.c.objc; path = "NSBundle+ZZKT.m"; sourceTree = "<group>"; };
		7889E9A82537015F00695917 /* UIImage+ZZKT.h */ = {isa = PBXFileReference; lastKnownFileType = sourcecode.c.h; path = "UIImage+ZZKT.h"; sourceTree = "<group>"; };
		7889E9A92537015F00695917 /* UIImage+ZZKT.m */ = {isa = PBXFileReference; lastKnownFileType = sourcecode.c.objc; path = "UIImage+ZZKT.m"; sourceTree = "<group>"; };
		7889E9AE2537039000695917 /* NSDate+ZZAddition.h */ = {isa = PBXFileReference; lastKnownFileType = sourcecode.c.h; path = "NSDate+ZZAddition.h"; sourceTree = "<group>"; };
		7889E9AF2537039000695917 /* NSDate+ZZAddition.m */ = {isa = PBXFileReference; lastKnownFileType = sourcecode.c.objc; path = "NSDate+ZZAddition.m"; sourceTree = "<group>"; };
		7889E9B32537041000695917 /* NSTimeZone+ZZAddition.h */ = {isa = PBXFileReference; lastKnownFileType = sourcecode.c.h; path = "NSTimeZone+ZZAddition.h"; sourceTree = "<group>"; };
		7889E9B42537041000695917 /* NSTimeZone+ZZAddition.m */ = {isa = PBXFileReference; lastKnownFileType = sourcecode.c.objc; path = "NSTimeZone+ZZAddition.m"; sourceTree = "<group>"; };
		7889E9B82537045A00695917 /* NSLocale+ZZAddition.h */ = {isa = PBXFileReference; lastKnownFileType = sourcecode.c.h; path = "NSLocale+ZZAddition.h"; sourceTree = "<group>"; };
		7889E9B92537045A00695917 /* NSLocale+ZZAddition.m */ = {isa = PBXFileReference; lastKnownFileType = sourcecode.c.objc; path = "NSLocale+ZZAddition.m"; sourceTree = "<group>"; };
		7889E9BD253704A600695917 /* NSDateFormatter+ZZAddition.h */ = {isa = PBXFileReference; lastKnownFileType = sourcecode.c.h; path = "NSDateFormatter+ZZAddition.h"; sourceTree = "<group>"; };
		7889E9BE253704A600695917 /* NSDateFormatter+ZZAddition.m */ = {isa = PBXFileReference; lastKnownFileType = sourcecode.c.objc; path = "NSDateFormatter+ZZAddition.m"; sourceTree = "<group>"; };
		7889E9C22537051800695917 /* UITabBar+ZZAddition.h */ = {isa = PBXFileReference; lastKnownFileType = sourcecode.c.h; path = "UITabBar+ZZAddition.h"; sourceTree = "<group>"; };
		7889E9C32537051800695917 /* UITabBar+ZZAddition.m */ = {isa = PBXFileReference; lastKnownFileType = sourcecode.c.objc; path = "UITabBar+ZZAddition.m"; sourceTree = "<group>"; };
		7889E9C82537057700695917 /* UIButton+ZZEnlargeEdge.h */ = {isa = PBXFileReference; lastKnownFileType = sourcecode.c.h; path = "UIButton+ZZEnlargeEdge.h"; sourceTree = "<group>"; };
		7889E9C92537057700695917 /* UIButton+ZZEnlargeEdge.m */ = {isa = PBXFileReference; lastKnownFileType = sourcecode.c.objc; path = "UIButton+ZZEnlargeEdge.m"; sourceTree = "<group>"; };
		7889E9D72537209900695917 /* ZZPathUtils.m */ = {isa = PBXFileReference; fileEncoding = 4; lastKnownFileType = sourcecode.c.objc; path = ZZPathUtils.m; sourceTree = "<group>"; };
		7889E9D82537209900695917 /* ZZUtilities.m */ = {isa = PBXFileReference; fileEncoding = 4; lastKnownFileType = sourcecode.c.objc; path = ZZUtilities.m; sourceTree = "<group>"; };
		7889E9D92537209900695917 /* ZZTimeUtils.m */ = {isa = PBXFileReference; fileEncoding = 4; lastKnownFileType = sourcecode.c.objc; path = ZZTimeUtils.m; sourceTree = "<group>"; };
		7889E9DA2537209900695917 /* ZZPathUtils.h */ = {isa = PBXFileReference; fileEncoding = 4; lastKnownFileType = sourcecode.c.h; path = ZZPathUtils.h; sourceTree = "<group>"; };
		7889E9DB2537209900695917 /* ZZUtilities.h */ = {isa = PBXFileReference; fileEncoding = 4; lastKnownFileType = sourcecode.c.h; path = ZZUtilities.h; sourceTree = "<group>"; };
		7889E9DC2537209900695917 /* ZZTimeUtils.h */ = {isa = PBXFileReference; fileEncoding = 4; lastKnownFileType = sourcecode.c.h; path = ZZTimeUtils.h; sourceTree = "<group>"; };
		7889E9E22537211100695917 /* ZZTapView.h */ = {isa = PBXFileReference; lastKnownFileType = sourcecode.c.h; path = ZZTapView.h; sourceTree = "<group>"; };
		7889E9E32537211100695917 /* ZZTapView.m */ = {isa = PBXFileReference; lastKnownFileType = sourcecode.c.objc; path = ZZTapView.m; sourceTree = "<group>"; };
		7889E9E8253722A100695917 /* ZZBaseTableViewCell.h */ = {isa = PBXFileReference; lastKnownFileType = sourcecode.c.h; path = ZZBaseTableViewCell.h; sourceTree = "<group>"; };
		7889E9E9253722A100695917 /* ZZBaseTableViewCell.m */ = {isa = PBXFileReference; lastKnownFileType = sourcecode.c.objc; path = ZZBaseTableViewCell.m; sourceTree = "<group>"; };
		7889E9EC253723BB00695917 /* ZZBaseCollectionViewCell.h */ = {isa = PBXFileReference; lastKnownFileType = sourcecode.c.h; path = ZZBaseCollectionViewCell.h; sourceTree = "<group>"; };
		7889E9ED253723BB00695917 /* ZZBaseCollectionViewCell.m */ = {isa = PBXFileReference; lastKnownFileType = sourcecode.c.objc; path = ZZBaseCollectionViewCell.m; sourceTree = "<group>"; };
		7889E9F02537247700695917 /* ZZBaseViewController.h */ = {isa = PBXFileReference; lastKnownFileType = sourcecode.c.h; path = ZZBaseViewController.h; sourceTree = "<group>"; };
		7889E9F12537247700695917 /* ZZBaseViewController.m */ = {isa = PBXFileReference; lastKnownFileType = sourcecode.c.objc; path = ZZBaseViewController.m; sourceTree = "<group>"; };
		8E56E4AB143E4D230214006E /* Pods-ZZKitDemo.release.xcconfig */ = {isa = PBXFileReference; includeInIndex = 1; lastKnownFileType = text.xcconfig; name = "Pods-ZZKitDemo.release.xcconfig"; path = "Target Support Files/Pods-ZZKitDemo/Pods-ZZKitDemo.release.xcconfig"; sourceTree = "<group>"; };
		B9F6B18176EBC7BF241BDD68 /* Pods_ZZKitDemo.framework */ = {isa = PBXFileReference; explicitFileType = wrapper.framework; includeInIndex = 0; path = Pods_ZZKitDemo.framework; sourceTree = BUILT_PRODUCTS_DIR; };
		C4E67CCE364339296A9BF294 /* Pods-ZZKitDemo.debug.xcconfig */ = {isa = PBXFileReference; includeInIndex = 1; lastKnownFileType = text.xcconfig; name = "Pods-ZZKitDemo.debug.xcconfig"; path = "Target Support Files/Pods-ZZKitDemo/Pods-ZZKitDemo.debug.xcconfig"; sourceTree = "<group>"; };
/* End PBXFileReference section */

/* Begin PBXFrameworksBuildPhase section */
		7889E9102536F6C600695917 /* Frameworks */ = {
			isa = PBXFrameworksBuildPhase;
			buildActionMask = 2147483647;
			files = (
				C49800E873DA330674DFBD75 /* Pods_ZZKitDemo.framework in Frameworks */,
			);
			runOnlyForDeploymentPostprocessing = 0;
		};
/* End PBXFrameworksBuildPhase section */

/* Begin PBXGroup section */
		30B8F65AF9CC6FE2FABDD4EA /* Frameworks */ = {
			isa = PBXGroup;
			children = (
				B9F6B18176EBC7BF241BDD68 /* Pods_ZZKitDemo.framework */,
			);
			name = Frameworks;
			sourceTree = "<group>";
		};
		7889E90A2536F6C600695917 = {
			isa = PBXGroup;
			children = (
				7889E9152536F6C600695917 /* ZZKitDemo */,
				7889E9142536F6C600695917 /* Products */,
				FB666850AC87EFB5C9A1D7DB /* Pods */,
				30B8F65AF9CC6FE2FABDD4EA /* Frameworks */,
			);
			sourceTree = "<group>";
		};
		7889E9142536F6C600695917 /* Products */ = {
			isa = PBXGroup;
			children = (
				7889E9132536F6C600695917 /* ZZKitDemo.app */,
			);
			name = Products;
			sourceTree = "<group>";
		};
		7889E9152536F6C600695917 /* ZZKitDemo */ = {
			isa = PBXGroup;
			children = (
				7889E9312536F78A00695917 /* ZZKit.podspec */,
				7889E9302536F78300695917 /* ZZKit */,
				7889E9162536F6C600695917 /* AppDelegate.h */,
				7889E9172536F6C600695917 /* AppDelegate.m */,
				7889E9192536F6C600695917 /* SceneDelegate.h */,
				7889E91A2536F6C600695917 /* SceneDelegate.m */,
				7889E91C2536F6C600695917 /* ViewController.h */,
				7889E91D2536F6C600695917 /* ViewController.m */,
				7889E91F2536F6C600695917 /* Main.storyboard */,
				7889E9222536F6C700695917 /* Assets.xcassets */,
				7889E9242536F6C700695917 /* LaunchScreen.storyboard */,
				7889E9272536F6C700695917 /* Info.plist */,
				7889E9282536F6C700695917 /* main.m */,
			);
			path = ZZKitDemo;
			sourceTree = "<group>";
		};
		7889E9302536F78300695917 /* ZZKit */ = {
			isa = PBXGroup;
			children = (
				7889E9E1253720E000695917 /* UIBase */,
				7889E9D62537209900695917 /* Utils */,
				7889E9382536F94500695917 /* Category */,
				7889E99D2536FE8E00695917 /* ZZGlobalDefines.h */,
			);
			name = ZZKit;
			path = ../../ZZKit;
			sourceTree = "<group>";
		};
		7889E9382536F94500695917 /* Category */ = {
			isa = PBXGroup;
			children = (
				7889E96A2536F94500695917 /* CALayer */,
				7889E9562536F94500695917 /* NSData */,
				7889E9742536F94500695917 /* NSDate */,
				7889E9412536F94500695917 /* NSDictionary */,
				7889E96D2536F94500695917 /* NSNumber */,
				7889E9622536F94500695917 /* NSString */,
				7889E93C2536F94500695917 /* Safe */,
				7889E9532536F94500695917 /* Tabbar */,
				7889E9472536F94500695917 /* UIButton */,
				7889E95F2536F94500695917 /* UIDevice */,
				7889E9392536F94500695917 /* UIImage */,
				7889E9442536F94500695917 /* UILabel */,
				7889E95C2536F94500695917 /* UITextView */,
				7889E94A2536F94500695917 /* UIView */,
				7889E9702536F94500695917 /* ViewController */,
				7889E99C2536FA3D00695917 /* ZZKTCategoryKitHeader.h */,
			);
			path = Category;
			sourceTree = "<group>";
		};
		7889E9392536F94500695917 /* UIImage */ = {
			isa = PBXGroup;
			children = (
				7889E9A42537014C00695917 /* NSBundle+ZZKT.h */,
				7889E9A52537014C00695917 /* NSBundle+ZZKT.m */,
				7889E93B2536F94500695917 /* UIImage+Compress.h */,
				7889E93A2536F94500695917 /* UIImage+Compress.m */,
				7889E9A82537015F00695917 /* UIImage+ZZKT.h */,
				7889E9A92537015F00695917 /* UIImage+ZZKT.m */,
			);
			path = UIImage;
			sourceTree = "<group>";
		};
		7889E93C2536F94500695917 /* Safe */ = {
			isa = PBXGroup;
			children = (
				7889E9402536F94500695917 /* NSMutableDictionary+SafeObject.h */,
				7889E93E2536F94500695917 /* NSMutableDictionary+SafeObject.m */,
			);
			path = Safe;
			sourceTree = "<group>";
		};
		7889E9412536F94500695917 /* NSDictionary */ = {
			isa = PBXGroup;
			children = (
				7889E9422536F94500695917 /* NSDictionary+Json.h */,
				7889E9432536F94500695917 /* NSDictionary+Json.m */,
			);
			path = NSDictionary;
			sourceTree = "<group>";
		};
		7889E9442536F94500695917 /* UILabel */ = {
			isa = PBXGroup;
			children = (
				7889E9462536F94500695917 /* UILabel+ChangeSpace.h */,
				7889E9452536F94500695917 /* UILabel+ChangeSpace.m */,
			);
			path = UILabel;
			sourceTree = "<group>";
		};
		7889E9472536F94500695917 /* UIButton */ = {
			isa = PBXGroup;
			children = (
				7889E9C82537057700695917 /* UIButton+ZZEnlargeEdge.h */,
				7889E9C92537057700695917 /* UIButton+ZZEnlargeEdge.m */,
			);
			path = UIButton;
			sourceTree = "<group>";
		};
		7889E94A2536F94500695917 /* UIView */ = {
			isa = PBXGroup;
			children = (
				7889E94F2536F94500695917 /* UIView+ColorOfPoint.h */,
				7889E94D2536F94500695917 /* UIView+ColorOfPoint.m */,
				7889E94B2536F94500695917 /* UIView+iPad.h */,
				7889E94E2536F94500695917 /* UIView+iPad.m */,
				7889E9502536F94500695917 /* UIView+Round.h */,
				7889E94C2536F94500695917 /* UIView+Round.m */,
			);
			path = UIView;
			sourceTree = "<group>";
		};
		7889E9532536F94500695917 /* Tabbar */ = {
			isa = PBXGroup;
			children = (
				7889E9C22537051800695917 /* UITabBar+ZZAddition.h */,
				7889E9C32537051800695917 /* UITabBar+ZZAddition.m */,
			);
			path = Tabbar;
			sourceTree = "<group>";
		};
		7889E9562536F94500695917 /* NSData */ = {
			isa = PBXGroup;
			children = (
				7889E9592536F94500695917 /* NSData+MD5.h */,
				7889E9582536F94500695917 /* NSData+MD5.m */,
				7889E95A2536F94500695917 /* NSData+UTF8.h */,
				7889E9572536F94500695917 /* NSData+UTF8.m */,
			);
			path = NSData;
			sourceTree = "<group>";
		};
		7889E95C2536F94500695917 /* UITextView */ = {
			isa = PBXGroup;
			children = (
				7889E95E2536F94500695917 /* UITextView+PlaceHolder.h */,
				7889E95D2536F94500695917 /* UITextView+PlaceHolder.m */,
			);
			path = UITextView;
			sourceTree = "<group>";
		};
		7889E95F2536F94500695917 /* UIDevice */ = {
			isa = PBXGroup;
			children = (
				7889E9602536F94500695917 /* UIDevice+Model.h */,
				7889E9612536F94500695917 /* UIDevice+Model.m */,
			);
			path = UIDevice;
			sourceTree = "<group>";
		};
		7889E9622536F94500695917 /* NSString */ = {
			isa = PBXGroup;
			children = (
				7889E9632536F94500695917 /* NSString+Common.h */,
				7889E9662536F94500695917 /* NSString+Common.m */,
				7889E9642536F94500695917 /* NSString+MD5.h */,
				7889E9672536F94500695917 /* NSString+MD5.m */,
				7889E9652536F94500695917 /* NSString+wrapper.h */,
				7889E9682536F94500695917 /* NSString+wrapper.m */,
			);
			path = NSString;
			sourceTree = "<group>";
		};
		7889E96A2536F94500695917 /* CALayer */ = {
			isa = PBXGroup;
			children = (
				7889E96C2536F94500695917 /* CALayer+XibBorderColor.h */,
				7889E96B2536F94500695917 /* CALayer+XibBorderColor.m */,
			);
			path = CALayer;
			sourceTree = "<group>";
		};
		7889E96D2536F94500695917 /* NSNumber */ = {
			isa = PBXGroup;
			children = (
				7889E96F2536F94500695917 /* NSNumber+Calculate.h */,
				7889E96E2536F94500695917 /* NSNumber+Calculate.m */,
			);
			path = NSNumber;
			sourceTree = "<group>";
		};
		7889E9702536F94500695917 /* ViewController */ = {
			isa = PBXGroup;
			children = (
				7889E9712536F94500695917 /* UIViewController+TopViewController.h */,
				7889E9722536F94500695917 /* UIViewController+TopViewController.m */,
			);
			path = ViewController;
			sourceTree = "<group>";
		};
		7889E9742536F94500695917 /* NSDate */ = {
			isa = PBXGroup;
			children = (
				7889E9AE2537039000695917 /* NSDate+ZZAddition.h */,
				7889E9AF2537039000695917 /* NSDate+ZZAddition.m */,
				7889E9BD253704A600695917 /* NSDateFormatter+ZZAddition.h */,
				7889E9BE253704A600695917 /* NSDateFormatter+ZZAddition.m */,
				7889E9B82537045A00695917 /* NSLocale+ZZAddition.h */,
				7889E9B92537045A00695917 /* NSLocale+ZZAddition.m */,
				7889E9B32537041000695917 /* NSTimeZone+ZZAddition.h */,
				7889E9B42537041000695917 /* NSTimeZone+ZZAddition.m */,
			);
			path = NSDate;
			sourceTree = "<group>";
		};
		7889E9D62537209900695917 /* Utils */ = {
			isa = PBXGroup;
			children = (
				7889E9DA2537209900695917 /* ZZPathUtils.h */,
				7889E9D72537209900695917 /* ZZPathUtils.m */,
				7889E9DC2537209900695917 /* ZZTimeUtils.h */,
				7889E9D92537209900695917 /* ZZTimeUtils.m */,
				7889E9DB2537209900695917 /* ZZUtilities.h */,
				7889E9D82537209900695917 /* ZZUtilities.m */,
			);
			path = Utils;
			sourceTree = "<group>";
		};
		7889E9E1253720E000695917 /* UIBase */ = {
			isa = PBXGroup;
			children = (
				7889E9E22537211100695917 /* ZZTapView.h */,
				7889E9E32537211100695917 /* ZZTapView.m */,
				7889E9E8253722A100695917 /* ZZBaseTableViewCell.h */,
				7889E9E9253722A100695917 /* ZZBaseTableViewCell.m */,
				7889E9EC253723BB00695917 /* ZZBaseCollectionViewCell.h */,
				7889E9ED253723BB00695917 /* ZZBaseCollectionViewCell.m */,
				7889E9F02537247700695917 /* ZZBaseViewController.h */,
				7889E9F12537247700695917 /* ZZBaseViewController.m */,
			);
			path = UIBase;
			sourceTree = "<group>";
		};
		FB666850AC87EFB5C9A1D7DB /* Pods */ = {
			isa = PBXGroup;
			children = (
				C4E67CCE364339296A9BF294 /* Pods-ZZKitDemo.debug.xcconfig */,
				8E56E4AB143E4D230214006E /* Pods-ZZKitDemo.release.xcconfig */,
			);
			name = Pods;
			path = Pods;
			sourceTree = "<group>";
		};
/* End PBXGroup section */

/* Begin PBXNativeTarget section */
		7889E9122536F6C600695917 /* ZZKitDemo */ = {
			isa = PBXNativeTarget;
			buildConfigurationList = 7889E92C2536F6C700695917 /* Build configuration list for PBXNativeTarget "ZZKitDemo" */;
			buildPhases = (
				BFB00C0AF04783221AAD2BFB /* [CP] Check Pods Manifest.lock */,
				7889E90F2536F6C600695917 /* Sources */,
				7889E9102536F6C600695917 /* Frameworks */,
				7889E9112536F6C600695917 /* Resources */,
			);
			buildRules = (
			);
			dependencies = (
			);
			name = ZZKitDemo;
			productName = ZZKitDemo;
			productReference = 7889E9132536F6C600695917 /* ZZKitDemo.app */;
			productType = "com.apple.product-type.application";
		};
/* End PBXNativeTarget section */

/* Begin PBXProject section */
		7889E90B2536F6C600695917 /* Project object */ = {
			isa = PBXProject;
			attributes = {
				LastUpgradeCheck = 1200;
				TargetAttributes = {
					7889E9122536F6C600695917 = {
						CreatedOnToolsVersion = 12.0.1;
					};
				};
			};
			buildConfigurationList = 7889E90E2536F6C600695917 /* Build configuration list for PBXProject "ZZKitDemo" */;
			compatibilityVersion = "Xcode 9.3";
			developmentRegion = en;
			hasScannedForEncodings = 0;
			knownRegions = (
				en,
				Base,
			);
			mainGroup = 7889E90A2536F6C600695917;
			productRefGroup = 7889E9142536F6C600695917 /* Products */;
			projectDirPath = "";
			projectRoot = "";
			targets = (
				7889E9122536F6C600695917 /* ZZKitDemo */,
			);
		};
/* End PBXProject section */

/* Begin PBXResourcesBuildPhase section */
		7889E9112536F6C600695917 /* Resources */ = {
			isa = PBXResourcesBuildPhase;
			buildActionMask = 2147483647;
			files = (
				7889E9262536F6C700695917 /* LaunchScreen.storyboard in Resources */,
				7889E9322536F78A00695917 /* ZZKit.podspec in Resources */,
				7889E9232536F6C700695917 /* Assets.xcassets in Resources */,
				7889E9212536F6C600695917 /* Main.storyboard in Resources */,
			);
			runOnlyForDeploymentPostprocessing = 0;
		};
/* End PBXResourcesBuildPhase section */

/* Begin PBXShellScriptBuildPhase section */
		BFB00C0AF04783221AAD2BFB /* [CP] Check Pods Manifest.lock */ = {
			isa = PBXShellScriptBuildPhase;
			buildActionMask = 2147483647;
			files = (
			);
			inputFileListPaths = (
			);
			inputPaths = (
				"${PODS_PODFILE_DIR_PATH}/Podfile.lock",
				"${PODS_ROOT}/Manifest.lock",
			);
			name = "[CP] Check Pods Manifest.lock";
			outputFileListPaths = (
			);
			outputPaths = (
				"$(DERIVED_FILE_DIR)/Pods-ZZKitDemo-checkManifestLockResult.txt",
			);
			runOnlyForDeploymentPostprocessing = 0;
			shellPath = /bin/sh;
			shellScript = "diff \"${PODS_PODFILE_DIR_PATH}/Podfile.lock\" \"${PODS_ROOT}/Manifest.lock\" > /dev/null\nif [ $? != 0 ] ; then\n    # print error to STDERR\n    echo \"error: The sandbox is not in sync with the Podfile.lock. Run 'pod install' or update your CocoaPods installation.\" >&2\n    exit 1\nfi\n# This output is used by Xcode 'outputs' to avoid re-running this script phase.\necho \"SUCCESS\" > \"${SCRIPT_OUTPUT_FILE_0}\"\n";
			showEnvVarsInLog = 0;
		};
/* End PBXShellScriptBuildPhase section */

/* Begin PBXSourcesBuildPhase section */
		7889E90F2536F6C600695917 /* Sources */ = {
			isa = PBXSourcesBuildPhase;
			buildActionMask = 2147483647;
			files = (
				7889E91E2536F6C600695917 /* ViewController.m in Sources */,
				7889E9A62537014C00695917 /* NSBundle+ZZKT.m in Sources */,
				7889E9DD2537209900695917 /* ZZPathUtils.m in Sources */,
				7889E98A2536F94500695917 /* UIDevice+Model.m in Sources */,
				7889E9892536F94500695917 /* UITextView+PlaceHolder.m in Sources */,
				7889E97D2536F94500695917 /* UIImage+Compress.m in Sources */,
				7889E9C42537051800695917 /* UITabBar+ZZAddition.m in Sources */,
				7889E98B2536F94500695917 /* NSString+Common.m in Sources */,
				7889E9E42537211100695917 /* ZZTapView.m in Sources */,
				7889E9852536F94500695917 /* UIView+iPad.m in Sources */,
				7889E9AA2537015F00695917 /* UIImage+ZZKT.m in Sources */,
				7889E9B52537041000695917 /* NSTimeZone+ZZAddition.m in Sources */,
				7889E98F2536F94500695917 /* CALayer+XibBorderColor.m in Sources */,
				7889E98C2536F94500695917 /* NSString+MD5.m in Sources */,
				7889E9EA253722A100695917 /* ZZBaseTableViewCell.m in Sources */,
				7889E9842536F94500695917 /* UIView+ColorOfPoint.m in Sources */,
				7889E9BA2537045A00695917 /* NSLocale+ZZAddition.m in Sources */,
				7889E9872536F94500695917 /* NSData+UTF8.m in Sources */,
				7889E97F2536F94500695917 /* NSMutableDictionary+SafeObject.m in Sources */,
				7889E9F22537247700695917 /* ZZBaseViewController.m in Sources */,
				7889E9902536F94500695917 /* NSNumber+Calculate.m in Sources */,
				7889E9182536F6C600695917 /* AppDelegate.m in Sources */,
				7889E9802536F94500695917 /* NSDictionary+Json.m in Sources */,
				7889E9BF253704A600695917 /* NSDateFormatter+ZZAddition.m in Sources */,
				7889E9292536F6C700695917 /* main.m in Sources */,
				7889E9DF2537209900695917 /* ZZTimeUtils.m in Sources */,
				7889E9812536F94500695917 /* UILabel+ChangeSpace.m in Sources */,
				7889E98D2536F94500695917 /* NSString+wrapper.m in Sources */,
				7889E9DE2537209900695917 /* ZZUtilities.m in Sources */,
				7889E9B02537039000695917 /* NSDate+ZZAddition.m in Sources */,
				7889E9912536F94500695917 /* UIViewController+TopViewController.m in Sources */,
				7889E9832536F94500695917 /* UIView+Round.m in Sources */,
				7889E9882536F94500695917 /* NSData+MD5.m in Sources */,
				7889E91B2536F6C600695917 /* SceneDelegate.m in Sources */,
				7889E9CA2537057700695917 /* UIButton+ZZEnlargeEdge.m in Sources */,
				7889E9EE253723BB00695917 /* ZZBaseCollectionViewCell.m in Sources */,
			);
			runOnlyForDeploymentPostprocessing = 0;
		};
/* End PBXSourcesBuildPhase section */

/* Begin PBXVariantGroup section */
		7889E91F2536F6C600695917 /* Main.storyboard */ = {
			isa = PBXVariantGroup;
			children = (
				7889E9202536F6C600695917 /* Base */,
			);
			name = Main.storyboard;
			sourceTree = "<group>";
		};
		7889E9242536F6C700695917 /* LaunchScreen.storyboard */ = {
			isa = PBXVariantGroup;
			children = (
				7889E9252536F6C700695917 /* Base */,
			);
			name = LaunchScreen.storyboard;
			sourceTree = "<group>";
		};
/* End PBXVariantGroup section */

/* Begin XCBuildConfiguration section */
		7889E92A2536F6C700695917 /* Debug */ = {
			isa = XCBuildConfiguration;
			buildSettings = {
				ALWAYS_SEARCH_USER_PATHS = NO;
				CLANG_ANALYZER_NONNULL = YES;
				CLANG_ANALYZER_NUMBER_OBJECT_CONVERSION = YES_AGGRESSIVE;
				CLANG_CXX_LANGUAGE_STANDARD = "gnu++14";
				CLANG_CXX_LIBRARY = "libc++";
				CLANG_ENABLE_MODULES = YES;
				CLANG_ENABLE_OBJC_ARC = YES;
				CLANG_ENABLE_OBJC_WEAK = YES;
				CLANG_WARN_BLOCK_CAPTURE_AUTORELEASING = YES;
				CLANG_WARN_BOOL_CONVERSION = YES;
				CLANG_WARN_COMMA = YES;
				CLANG_WARN_CONSTANT_CONVERSION = YES;
				CLANG_WARN_DEPRECATED_OBJC_IMPLEMENTATIONS = YES;
				CLANG_WARN_DIRECT_OBJC_ISA_USAGE = YES_ERROR;
				CLANG_WARN_DOCUMENTATION_COMMENTS = YES;
				CLANG_WARN_EMPTY_BODY = YES;
				CLANG_WARN_ENUM_CONVERSION = YES;
				CLANG_WARN_INFINITE_RECURSION = YES;
				CLANG_WARN_INT_CONVERSION = YES;
				CLANG_WARN_NON_LITERAL_NULL_CONVERSION = YES;
				CLANG_WARN_OBJC_IMPLICIT_RETAIN_SELF = YES;
				CLANG_WARN_OBJC_LITERAL_CONVERSION = YES;
				CLANG_WARN_OBJC_ROOT_CLASS = YES_ERROR;
				CLANG_WARN_QUOTED_INCLUDE_IN_FRAMEWORK_HEADER = YES;
				CLANG_WARN_RANGE_LOOP_ANALYSIS = YES;
				CLANG_WARN_STRICT_PROTOTYPES = YES;
				CLANG_WARN_SUSPICIOUS_MOVE = YES;
				CLANG_WARN_UNGUARDED_AVAILABILITY = YES_AGGRESSIVE;
				CLANG_WARN_UNREACHABLE_CODE = YES;
				CLANG_WARN__DUPLICATE_METHOD_MATCH = YES;
				COPY_PHASE_STRIP = NO;
				DEBUG_INFORMATION_FORMAT = dwarf;
				ENABLE_BITCODE = NO;
				ENABLE_STRICT_OBJC_MSGSEND = YES;
				ENABLE_TESTABILITY = YES;
				GCC_C_LANGUAGE_STANDARD = gnu11;
				GCC_DYNAMIC_NO_PIC = NO;
				GCC_NO_COMMON_BLOCKS = YES;
				GCC_OPTIMIZATION_LEVEL = 0;
				GCC_PREPROCESSOR_DEFINITIONS = (
					"DEBUG=1",
					"$(inherited)",
				);
				GCC_WARN_64_TO_32_BIT_CONVERSION = YES;
				GCC_WARN_ABOUT_RETURN_TYPE = YES_ERROR;
				GCC_WARN_UNDECLARED_SELECTOR = YES;
				GCC_WARN_UNINITIALIZED_AUTOS = YES_AGGRESSIVE;
				GCC_WARN_UNUSED_FUNCTION = YES;
				GCC_WARN_UNUSED_VARIABLE = YES;
				IPHONEOS_DEPLOYMENT_TARGET = 9.0;
				MTL_ENABLE_DEBUG_INFO = INCLUDE_SOURCE;
				MTL_FAST_MATH = YES;
				ONLY_ACTIVE_ARCH = YES;
				SDKROOT = iphoneos;
			};
			name = Debug;
		};
		7889E92B2536F6C700695917 /* Release */ = {
			isa = XCBuildConfiguration;
			buildSettings = {
				ALWAYS_SEARCH_USER_PATHS = NO;
				CLANG_ANALYZER_NONNULL = YES;
				CLANG_ANALYZER_NUMBER_OBJECT_CONVERSION = YES_AGGRESSIVE;
				CLANG_CXX_LANGUAGE_STANDARD = "gnu++14";
				CLANG_CXX_LIBRARY = "libc++";
				CLANG_ENABLE_MODULES = YES;
				CLANG_ENABLE_OBJC_ARC = YES;
				CLANG_ENABLE_OBJC_WEAK = YES;
				CLANG_WARN_BLOCK_CAPTURE_AUTORELEASING = YES;
				CLANG_WARN_BOOL_CONVERSION = YES;
				CLANG_WARN_COMMA = YES;
				CLANG_WARN_CONSTANT_CONVERSION = YES;
				CLANG_WARN_DEPRECATED_OBJC_IMPLEMENTATIONS = YES;
				CLANG_WARN_DIRECT_OBJC_ISA_USAGE = YES_ERROR;
				CLANG_WARN_DOCUMENTATION_COMMENTS = YES;
				CLANG_WARN_EMPTY_BODY = YES;
				CLANG_WARN_ENUM_CONVERSION = YES;
				CLANG_WARN_INFINITE_RECURSION = YES;
				CLANG_WARN_INT_CONVERSION = YES;
				CLANG_WARN_NON_LITERAL_NULL_CONVERSION = YES;
				CLANG_WARN_OBJC_IMPLICIT_RETAIN_SELF = YES;
				CLANG_WARN_OBJC_LITERAL_CONVERSION = YES;
				CLANG_WARN_OBJC_ROOT_CLASS = YES_ERROR;
				CLANG_WARN_QUOTED_INCLUDE_IN_FRAMEWORK_HEADER = YES;
				CLANG_WARN_RANGE_LOOP_ANALYSIS = YES;
				CLANG_WARN_STRICT_PROTOTYPES = YES;
				CLANG_WARN_SUSPICIOUS_MOVE = YES;
				CLANG_WARN_UNGUARDED_AVAILABILITY = YES_AGGRESSIVE;
				CLANG_WARN_UNREACHABLE_CODE = YES;
				CLANG_WARN__DUPLICATE_METHOD_MATCH = YES;
				COPY_PHASE_STRIP = NO;
				DEBUG_INFORMATION_FORMAT = "dwarf-with-dsym";
				ENABLE_BITCODE = NO;
				ENABLE_NS_ASSERTIONS = NO;
				ENABLE_STRICT_OBJC_MSGSEND = YES;
				GCC_C_LANGUAGE_STANDARD = gnu11;
				GCC_NO_COMMON_BLOCKS = YES;
				GCC_WARN_64_TO_32_BIT_CONVERSION = YES;
				GCC_WARN_ABOUT_RETURN_TYPE = YES_ERROR;
				GCC_WARN_UNDECLARED_SELECTOR = YES;
				GCC_WARN_UNINITIALIZED_AUTOS = YES_AGGRESSIVE;
				GCC_WARN_UNUSED_FUNCTION = YES;
				GCC_WARN_UNUSED_VARIABLE = YES;
				IPHONEOS_DEPLOYMENT_TARGET = 9.0;
				MTL_ENABLE_DEBUG_INFO = NO;
				MTL_FAST_MATH = YES;
				SDKROOT = iphoneos;
				VALIDATE_PRODUCT = YES;
			};
			name = Release;
		};
		7889E92D2536F6C700695917 /* Debug */ = {
			isa = XCBuildConfiguration;
			baseConfigurationReference = C4E67CCE364339296A9BF294 /* Pods-ZZKitDemo.debug.xcconfig */;
			buildSettings = {
				ASSETCATALOG_COMPILER_APPICON_NAME = AppIcon;
				ASSETCATALOG_COMPILER_GLOBAL_ACCENT_COLOR_NAME = AccentColor;
				CODE_SIGN_STYLE = Automatic;
				DEVELOPMENT_TEAM = 7MGR4A9FG4;
				INFOPLIST_FILE = ZZKitDemo/Info.plist;
				IPHONEOS_DEPLOYMENT_TARGET = 9.0;
				LD_RUNPATH_SEARCH_PATHS = (
					"$(inherited)",
					"@executable_path/Frameworks",
				);
				PRODUCT_BUNDLE_IDENTIFIER = com.zorro.zuo.ZZKitDemo;
				PRODUCT_NAME = "$(TARGET_NAME)";
				TARGETED_DEVICE_FAMILY = "1,2";
			};
			name = Debug;
		};
		7889E92E2536F6C700695917 /* Release */ = {
			isa = XCBuildConfiguration;
			baseConfigurationReference = 8E56E4AB143E4D230214006E /* Pods-ZZKitDemo.release.xcconfig */;
			buildSettings = {
				ASSETCATALOG_COMPILER_APPICON_NAME = AppIcon;
				ASSETCATALOG_COMPILER_GLOBAL_ACCENT_COLOR_NAME = AccentColor;
				CODE_SIGN_STYLE = Automatic;
				DEVELOPMENT_TEAM = 7MGR4A9FG4;
				INFOPLIST_FILE = ZZKitDemo/Info.plist;
				IPHONEOS_DEPLOYMENT_TARGET = 9.0;
				LD_RUNPATH_SEARCH_PATHS = (
					"$(inherited)",
					"@executable_path/Frameworks",
				);
				PRODUCT_BUNDLE_IDENTIFIER = com.zorro.zuo.ZZKitDemo;
				PRODUCT_NAME = "$(TARGET_NAME)";
				TARGETED_DEVICE_FAMILY = "1,2";
			};
			name = Release;
		};
/* End XCBuildConfiguration section */

/* Begin XCConfigurationList section */
		7889E90E2536F6C600695917 /* Build configuration list for PBXProject "ZZKitDemo" */ = {
			isa = XCConfigurationList;
			buildConfigurations = (
				7889E92A2536F6C700695917 /* Debug */,
				7889E92B2536F6C700695917 /* Release */,
			);
			defaultConfigurationIsVisible = 0;
			defaultConfigurationName = Release;
		};
		7889E92C2536F6C700695917 /* Build configuration list for PBXNativeTarget "ZZKitDemo" */ = {
			isa = XCConfigurationList;
			buildConfigurations = (
				7889E92D2536F6C700695917 /* Debug */,
				7889E92E2536F6C700695917 /* Release */,
			);
			defaultConfigurationIsVisible = 0;
			defaultConfigurationName = Release;
		};
/* End XCConfigurationList section */
	};
	rootObject = 7889E90B2536F6C600695917 /* Project object */;
}
